// !$*UTF8*$!
{
	archiveVersion = 1;
	classes = {
	};
	objectVersion = 56;
	objects = {

/* Begin PBXBuildFile section */
		A549FC1029704D140077D84C /* MyVeggiesApp.swift in Sources */ = {isa = PBXBuildFile; fileRef = A549FC0F29704D140077D84C /* MyVeggiesApp.swift */; };
		A549FC1229704D140077D84C /* ContentView.swift in Sources */ = {isa = PBXBuildFile; fileRef = A549FC1129704D140077D84C /* ContentView.swift */; };
		A549FC1429704D160077D84C /* Assets.xcassets in Resources */ = {isa = PBXBuildFile; fileRef = A549FC1329704D160077D84C /* Assets.xcassets */; };
		A549FC1729704D160077D84C /* Preview Assets.xcassets in Resources */ = {isa = PBXBuildFile; fileRef = A549FC1629704D160077D84C /* Preview Assets.xcassets */; };
		A549FC1E29704D580077D84C /* Article.swift in Sources */ = {isa = PBXBuildFile; fileRef = A549FC1D29704D580077D84C /* Article.swift */; };
		A549FC2029704D770077D84C /* CategoryType.swift in Sources */ = {isa = PBXBuildFile; fileRef = A549FC1F29704D770077D84C /* CategoryType.swift */; };
		A549FC2229704DF50077D84C /* Datas.swift in Sources */ = {isa = PBXBuildFile; fileRef = A549FC2129704DF50077D84C /* Datas.swift */; };
		A549FC24297051760077D84C /* BottomItemView.swift in Sources */ = {isa = PBXBuildFile; fileRef = A549FC23297051760077D84C /* BottomItemView.swift */; };
		A549FC26297052940077D84C /* BottomView.swift in Sources */ = {isa = PBXBuildFile; fileRef = A549FC25297052940077D84C /* BottomView.swift */; };
		A549FC282970564F0077D84C /* GridItemView.swift in Sources */ = {isa = PBXBuildFile; fileRef = A549FC272970564F0077D84C /* GridItemView.swift */; };
		A549FC2A297057F20077D84C /* GridView.swift in Sources */ = {isa = PBXBuildFile; fileRef = A549FC29297057F20077D84C /* GridView.swift */; };
/* End PBXBuildFile section */

/* Begin PBXFileReference section */
		A549FC0C29704D140077D84C /* MyVeggies.app */ = {isa = PBXFileReference; explicitFileType = wrapper.application; includeInIndex = 0; path = MyVeggies.app; sourceTree = BUILT_PRODUCTS_DIR; };
		A549FC0F29704D140077D84C /* MyVeggiesApp.swift */ = {isa = PBXFileReference; lastKnownFileType = sourcecode.swift; path = MyVeggiesApp.swift; sourceTree = "<group>"; };
		A549FC1129704D140077D84C /* ContentView.swift */ = {isa = PBXFileReference; lastKnownFileType = sourcecode.swift; path = ContentView.swift; sourceTree = "<group>"; };
		A549FC1329704D160077D84C /* Assets.xcassets */ = {isa = PBXFileReference; lastKnownFileType = folder.assetcatalog; path = Assets.xcassets; sourceTree = "<group>"; };
		A549FC1629704D160077D84C /* Preview Assets.xcassets */ = {isa = PBXFileReference; lastKnownFileType = folder.assetcatalog; path = "Preview Assets.xcassets"; sourceTree = "<group>"; };
		A549FC1D29704D580077D84C /* Article.swift */ = {isa = PBXFileReference; lastKnownFileType = sourcecode.swift; path = Article.swift; sourceTree = "<group>"; };
		A549FC1F29704D770077D84C /* CategoryType.swift */ = {isa = PBXFileReference; lastKnownFileType = sourcecode.swift; path = CategoryType.swift; sourceTree = "<group>"; };
		A549FC2129704DF50077D84C /* Datas.swift */ = {isa = PBXFileReference; lastKnownFileType = sourcecode.swift; path = Datas.swift; sourceTree = "<group>"; };
		A549FC23297051760077D84C /* BottomItemView.swift */ = {isa = PBXFileReference; lastKnownFileType = sourcecode.swift; path = BottomItemView.swift; sourceTree = "<group>"; };
		A549FC25297052940077D84C /* BottomView.swift */ = {isa = PBXFileReference; lastKnownFileType = sourcecode.swift; path = BottomView.swift; sourceTree = "<group>"; };
		A549FC272970564F0077D84C /* GridItemView.swift */ = {isa = PBXFileReference; lastKnownFileType = sourcecode.swift; path = GridItemView.swift; sourceTree = "<group>"; };
		A549FC29297057F20077D84C /* GridView.swift */ = {isa = PBXFileReference; lastKnownFileType = sourcecode.swift; path = GridView.swift; sourceTree = "<group>"; };
/* End PBXFileReference section */

/* Begin PBXFrameworksBuildPhase section */
		A549FC0929704D140077D84C /* Frameworks */ = {
			isa = PBXFrameworksBuildPhase;
			buildActionMask = 2147483647;
			files = (
			);
			runOnlyForDeploymentPostprocessing = 0;
		};
/* End PBXFrameworksBuildPhase section */

/* Begin PBXGroup section */
		A549FC0329704D140077D84C = {
			isa = PBXGroup;
			children = (
				A549FC0E29704D140077D84C /* MyVeggies */,
				A549FC0D29704D140077D84C /* Products */,
			);
			sourceTree = "<group>";
		};
		A549FC0D29704D140077D84C /* Products */ = {
			isa = PBXGroup;
			children = (
				A549FC0C29704D140077D84C /* MyVeggies.app */,
			);
			name = Products;
			sourceTree = "<group>";
		};
		A549FC0E29704D140077D84C /* MyVeggies */ = {
			isa = PBXGroup;
			children = (
				A549FC0F29704D140077D84C /* MyVeggiesApp.swift */,
				A549FC1129704D140077D84C /* ContentView.swift */,
				A549FC1329704D160077D84C /* Assets.xcassets */,
				A549FC1529704D160077D84C /* Preview Content */,
				A549FC1D29704D580077D84C /* Article.swift */,
				A549FC1F29704D770077D84C /* CategoryType.swift */,
				A549FC2129704DF50077D84C /* Datas.swift */,
				A549FC23297051760077D84C /* BottomItemView.swift */,
				A549FC25297052940077D84C /* BottomView.swift */,
				A549FC272970564F0077D84C /* GridItemView.swift */,
				A549FC29297057F20077D84C /* GridView.swift */,
			);
			path = MyVeggies;
			sourceTree = "<group>";
		};
		A549FC1529704D160077D84C /* Preview Content */ = {
			isa = PBXGroup;
			children = (
				A549FC1629704D160077D84C /* Preview Assets.xcassets */,
			);
			path = "Preview Content";
			sourceTree = "<group>";
		};
/* End PBXGroup section */

/* Begin PBXNativeTarget section */
		A549FC0B29704D140077D84C /* MyVeggies */ = {
			isa = PBXNativeTarget;
			buildConfigurationList = A549FC1A29704D160077D84C /* Build configuration list for PBXNativeTarget "MyVeggies" */;
			buildPhases = (
				A549FC0829704D140077D84C /* Sources */,
				A549FC0929704D140077D84C /* Frameworks */,
				A549FC0A29704D140077D84C /* Resources */,
			);
			buildRules = (
			);
			dependencies = (
			);
			name = MyVeggies;
			productName = MyVeggies;
			productReference = A549FC0C29704D140077D84C /* MyVeggies.app */;
			productType = "com.apple.product-type.application";
		};
/* End PBXNativeTarget section */

/* Begin PBXProject section */
		A549FC0429704D140077D84C /* Project object */ = {
			isa = PBXProject;
			attributes = {
				BuildIndependentTargetsInParallel = 1;
				LastSwiftUpdateCheck = 1420;
				LastUpgradeCheck = 1420;
				TargetAttributes = {
					A549FC0B29704D140077D84C = {
						CreatedOnToolsVersion = 14.2;
					};
				};
			};
			buildConfigurationList = A549FC0729704D140077D84C /* Build configuration list for PBXProject "MyVeggies" */;
			compatibilityVersion = "Xcode 14.0";
			developmentRegion = en;
			hasScannedForEncodings = 0;
			knownRegions = (
				en,
				Base,
			);
			mainGroup = A549FC0329704D140077D84C;
			productRefGroup = A549FC0D29704D140077D84C /* Products */;
			projectDirPath = "";
			projectRoot = "";
			targets = (
				A549FC0B29704D140077D84C /* MyVeggies */,
			);
		};
/* End PBXProject section */

/* Begin PBXResourcesBuildPhase section */
		A549FC0A29704D140077D84C /* Resources */ = {
			isa = PBXResourcesBuildPhase;
			buildActionMask = 2147483647;
			files = (
				A549FC1729704D160077D84C /* Preview Assets.xcassets in Resources */,
				A549FC1429704D160077D84C /* Assets.xcassets in Resources */,
			);
			runOnlyForDeploymentPostprocessing = 0;
		};
/* End PBXResourcesBuildPhase section */

/* Begin PBXSourcesBuildPhase section */
		A549FC0829704D140077D84C /* Sources */ = {
			isa = PBXSourcesBuildPhase;
			buildActionMask = 2147483647;
			files = (
				A549FC1229704D140077D84C /* ContentView.swift in Sources */,
				A549FC2029704D770077D84C /* CategoryType.swift in Sources */,
				A549FC282970564F0077D84C /* GridItemView.swift in Sources */,
				A549FC2229704DF50077D84C /* Datas.swift in Sources */,
				A549FC1029704D140077D84C /* MyVeggiesApp.swift in Sources */,
				A549FC26297052940077D84C /* BottomView.swift in Sources */,
				A549FC24297051760077D84C /* BottomItemView.swift in Sources */,
				A549FC2A297057F20077D84C /* GridView.swift in Sources */,
				A549FC1E29704D580077D84C /* Article.swift in Sources */,
			);
			runOnlyForDeploymentPostprocessing = 0;
		};
/* End PBXSourcesBuildPhase section */

/* Begin XCBuildConfiguration section */
		A549FC1829704D160077D84C /* Debug */ = {
			isa = XCBuildConfiguration;
			buildSettings = {
				ALWAYS_SEARCH_USER_PATHS = NO;
				CLANG_ANALYZER_NONNULL = YES;
				CLANG_ANALYZER_NUMBER_OBJECT_CONVERSION = YES_AGGRESSIVE;
				CLANG_CXX_LANGUAGE_STANDARD = "gnu++20";
				CLANG_ENABLE_MODULES = YES;
				CLANG_ENABLE_OBJC_ARC = YES;
				CLANG_ENABLE_OBJC_WEAK = YES;
				CLANG_WARN_BLOCK_CAPTURE_AUTORELEASING = YES;
				CLANG_WARN_BOOL_CONVERSION = YES;
				CLANG_WARN_COMMA = YES;
				CLANG_WARN_CONSTANT_CONVERSION = YES;
				CLANG_WARN_DEPRECATED_OBJC_IMPLEMENTATIONS = YES;
				CLANG_WARN_DIRECT_OBJC_ISA_USAGE = YES_ERROR;
				CLANG_WARN_DOCUMENTATION_COMMENTS = YES;
				CLANG_WARN_EMPTY_BODY = YES;
				CLANG_WARN_ENUM_CONVERSION = YES;
				CLANG_WARN_INFINITE_RECURSION = YES;
				CLANG_WARN_INT_CONVERSION = YES;
				CLANG_WARN_NON_LITERAL_NULL_CONVERSION = YES;
				CLANG_WARN_OBJC_IMPLICIT_RETAIN_SELF = YES;
				CLANG_WARN_OBJC_LITERAL_CONVERSION = YES;
				CLANG_WARN_OBJC_ROOT_CLASS = YES_ERROR;
				CLANG_WARN_QUOTED_INCLUDE_IN_FRAMEWORK_HEADER = YES;
				CLANG_WARN_RANGE_LOOP_ANALYSIS = YES;
				CLANG_WARN_STRICT_PROTOTYPES = YES;
				CLANG_WARN_SUSPICIOUS_MOVE = YES;
				CLANG_WARN_UNGUARDED_AVAILABILITY = YES_AGGRESSIVE;
				CLANG_WARN_UNREACHABLE_CODE = YES;
				CLANG_WARN__DUPLICATE_METHOD_MATCH = YES;
				COPY_PHASE_STRIP = NO;
				DEBUG_INFORMATION_FORMAT = dwarf;
				ENABLE_STRICT_OBJC_MSGSEND = YES;
				ENABLE_TESTABILITY = YES;
				GCC_C_LANGUAGE_STANDARD = gnu11;
				GCC_DYNAMIC_NO_PIC = NO;
				GCC_NO_COMMON_BLOCKS = YES;
				GCC_OPTIMIZATION_LEVEL = 0;
				GCC_PREPROCESSOR_DEFINITIONS = (
					"DEBUG=1",
					"$(inherited)",
				);
				GCC_WARN_64_TO_32_BIT_CONVERSION = YES;
				GCC_WARN_ABOUT_RETURN_TYPE = YES_ERROR;
				GCC_WARN_UNDECLARED_SELECTOR = YES;
				GCC_WARN_UNINITIALIZED_AUTOS = YES_AGGRESSIVE;
				GCC_WARN_UNUSED_FUNCTION = YES;
				GCC_WARN_UNUSED_VARIABLE = YES;
				IPHONEOS_DEPLOYMENT_TARGET = 16.2;
				MTL_ENABLE_DEBUG_INFO = INCLUDE_SOURCE;
				MTL_FAST_MATH = YES;
				ONLY_ACTIVE_ARCH = YES;
				SDKROOT = iphoneos;
				SWIFT_ACTIVE_COMPILATION_CONDITIONS = DEBUG;
				SWIFT_OPTIMIZATION_LEVEL = "-Onone";
			};
			name = Debug;
		};
		A549FC1929704D160077D84C /* Release */ = {
			isa = XCBuildConfiguration;
			buildSettings = {
				ALWAYS_SEARCH_USER_PATHS = NO;
				CLANG_ANALYZER_NONNULL = YES;
				CLANG_ANALYZER_NUMBER_OBJECT_CONVERSION = YES_AGGRESSIVE;
				CLANG_CXX_LANGUAGE_STANDARD = "gnu++20";
				CLANG_ENABLE_MODULES = YES;
				CLANG_ENABLE_OBJC_ARC = YES;
				CLANG_ENABLE_OBJC_WEAK = YES;
				CLANG_WARN_BLOCK_CAPTURE_AUTORELEASING = YES;
				CLANG_WARN_BOOL_CONVERSION = YES;
				CLANG_WARN_COMMA = YES;
				CLANG_WARN_CONSTANT_CONVERSION = YES;
				CLANG_WARN_DEPRECATED_OBJC_IMPLEMENTATIONS = YES;
				CLANG_WARN_DIRECT_OBJC_ISA_USAGE = YES_ERROR;
				CLANG_WARN_DOCUMENTATION_COMMENTS = YES;
				CLANG_WARN_EMPTY_BODY = YES;
				CLANG_WARN_ENUM_CONVERSION = YES;
				CLANG_WARN_INFINITE_RECURSION = YES;
				CLANG_WARN_INT_CONVERSION = YES;
				CLANG_WARN_NON_LITERAL_NULL_CONVERSION = YES;
				CLANG_WARN_OBJC_IMPLICIT_RETAIN_SELF = YES;
				CLANG_WARN_OBJC_LITERAL_CONVERSION = YES;
				CLANG_WARN_OBJC_ROOT_CLASS = YES_ERROR;
				CLANG_WARN_QUOTED_INCLUDE_IN_FRAMEWORK_HEADER = YES;
				CLANG_WARN_RANGE_LOOP_ANALYSIS = YES;
				CLANG_WARN_STRICT_PROTOTYPES = YES;
				CLANG_WARN_SUSPICIOUS_MOVE = YES;
				CLANG_WARN_UNGUARDED_AVAILABILITY = YES_AGGRESSIVE;
				CLANG_WARN_UNREACHABLE_CODE = YES;
				CLANG_WARN__DUPLICATE_METHOD_MATCH = YES;
				COPY_PHASE_STRIP = NO;
				DEBUG_INFORMATION_FORMAT = "dwarf-with-dsym";
				ENABLE_NS_ASSERTIONS = NO;
				ENABLE_STRICT_OBJC_MSGSEND = YES;
				GCC_C_LANGUAGE_STANDARD = gnu11;
				GCC_NO_COMMON_BLOCKS = YES;
				GCC_WARN_64_TO_32_BIT_CONVERSION = YES;
				GCC_WARN_ABOUT_RETURN_TYPE = YES_ERROR;
				GCC_WARN_UNDECLARED_SELECTOR = YES;
				GCC_WARN_UNINITIALIZED_AUTOS = YES_AGGRESSIVE;
				GCC_WARN_UNUSED_FUNCTION = YES;
				GCC_WARN_UNUSED_VARIABLE = YES;
				IPHONEOS_DEPLOYMENT_TARGET = 16.2;
				MTL_ENABLE_DEBUG_INFO = NO;
				MTL_FAST_MATH = YES;
				SDKROOT = iphoneos;
				SWIFT_COMPILATION_MODE = wholemodule;
				SWIFT_OPTIMIZATION_LEVEL = "-O";
				VALIDATE_PRODUCT = YES;
			};
			name = Release;
		};
		A549FC1B29704D160077D84C /* Debug */ = {
			isa = XCBuildConfiguration;
			buildSettings = {
				ASSETCATALOG_COMPILER_APPICON_NAME = AppIcon;
				ASSETCATALOG_COMPILER_GLOBAL_ACCENT_COLOR_NAME = AccentColor;
				CODE_SIGN_STYLE = Automatic;
				CURRENT_PROJECT_VERSION = 1;
				DEVELOPMENT_ASSET_PATHS = "\"MyVeggies/Preview Content\"";
				DEVELOPMENT_TEAM = LW327YJ489;
				ENABLE_PREVIEWS = YES;
				GENERATE_INFOPLIST_FILE = YES;
				INFOPLIST_KEY_UIApplicationSceneManifest_Generation = YES;
				INFOPLIST_KEY_UIApplicationSupportsIndirectInputEvents = YES;
				INFOPLIST_KEY_UILaunchScreen_Generation = YES;
				INFOPLIST_KEY_UISupportedInterfaceOrientations_iPad = "UIInterfaceOrientationPortrait UIInterfaceOrientationPortraitUpsideDown UIInterfaceOrientationLandscapeLeft UIInterfaceOrientationLandscapeRight";
				INFOPLIST_KEY_UISupportedInterfaceOrientations_iPhone = "UIInterfaceOrientationPortrait UIInterfaceOrientationLandscapeLeft UIInterfaceOrientationLandscapeRight";
				LD_RUNPATH_SEARCH_PATHS = (
					"$(inherited)",
					"@executable_path/Frameworks",
				);
				MARKETING_VERSION = 1.0;
				PRODUCT_BUNDLE_IDENTIFIER = com.timothy.MyVeggies;
				PRODUCT_NAME = "$(TARGET_NAME)";
				SWIFT_EMIT_LOC_STRINGS = YES;
				SWIFT_VERSION = 5.0;
				TARGETED_DEVICE_FAMILY = "1,2";
			};
			name = Debug;
		};
		A549FC1C29704D160077D84C /* Release */ = {
			isa = XCBuildConfiguration;
			buildSettings = {
				ASSETCATALOG_COMPILER_APPICON_NAME = AppIcon;
				ASSETCATALOG_COMPILER_GLOBAL_ACCENT_COLOR_NAME = AccentColor;
				CODE_SIGN_STYLE = Automatic;
				CURRENT_PROJECT_VERSION = 1;
				DEVELOPMENT_ASSET_PATHS = "\"MyVeggies/Preview Content\"";
				DEVELOPMENT_TEAM = LW327YJ489;
				ENABLE_PREVIEWS = YES;
				GENERATE_INFOPLIST_FILE = YES;
				INFOPLIST_KEY_UIApplicationSceneManifest_Generation = YES;
				INFOPLIST_KEY_UIApplicationSupportsIndirectInputEvents = YES;
				INFOPLIST_KEY_UILaunchScreen_Generation = YES;
				INFOPLIST_KEY_UISupportedInterfaceOrientations_iPad = "UIInterfaceOrientationPortrait UIInterfaceOrientationPortraitUpsideDown UIInterfaceOrientationLandscapeLeft UIInterfaceOrientationLandscapeRight";
				INFOPLIST_KEY_UISupportedInterfaceOrientations_iPhone = "UIInterfaceOrientationPortrait UIInterfaceOrientationLandscapeLeft UIInterfaceOrientationLandscapeRight";
				LD_RUNPATH_SEARCH_PATHS = (
					"$(inherited)",
					"@executable_path/Frameworks",
				);
				MARKETING_VERSION = 1.0;
				PRODUCT_BUNDLE_IDENTIFIER = com.timothy.MyVeggies;
				PRODUCT_NAME = "$(TARGET_NAME)";
				SWIFT_EMIT_LOC_STRINGS = YES;
				SWIFT_VERSION = 5.0;
				TARGETED_DEVICE_FAMILY = "1,2";
			};
			name = Release;
		};
/* End XCBuildConfiguration section */

/* Begin XCConfigurationList section */
		A549FC0729704D140077D84C /* Build configuration list for PBXProject "MyVeggies" */ = {
			isa = XCConfigurationList;
			buildConfigurations = (
				A549FC1829704D160077D84C /* Debug */,
				A549FC1929704D160077D84C /* Release */,
			);
			defaultConfigurationIsVisible = 0;
			defaultConfigurationName = Release;
		};
		A549FC1A29704D160077D84C /* Build configuration list for PBXNativeTarget "MyVeggies" */ = {
			isa = XCConfigurationList;
			buildConfigurations = (
				A549FC1B29704D160077D84C /* Debug */,
				A549FC1C29704D160077D84C /* Release */,
			);
			defaultConfigurationIsVisible = 0;
			defaultConfigurationName = Release;
		};
/* End XCConfigurationList section */
	};
	rootObject = A549FC0429704D140077D84C /* Project object */;
}
